PODS:
  - AFNetworking (3.1.0):
    - AFNetworking/NSURLSession (= 3.1.0)
    - AFNetworking/Reachability (= 3.1.0)
    - AFNetworking/Security (= 3.1.0)
    - AFNetworking/Serialization (= 3.1.0)
    - AFNetworking/UIKit (= 3.1.0)
  - AFNetworking/NSURLSession (3.1.0):
    - AFNetworking/Reachability
    - AFNetworking/Security
    - AFNetworking/Serialization
  - AFNetworking/Reachability (3.1.0)
  - AFNetworking/Security (3.1.0)
  - AFNetworking/Serialization (3.1.0)
  - AFNetworking/UIKit (3.1.0):
    - AFNetworking/NSURLSession
  - FMDB (2.6.2):
    - FMDB/standard (= 2.6.2)
  - FMDB/standard (2.6.2)
  - IQKeyboardManager (4.0.3)
  - JSONModel (1.2.0)
  - MBProgressHUD (0.9.2)
  - MJRefresh (3.1.6)

DEPENDENCIES:
  - AFNetworking
  - FMDB
  - IQKeyboardManager
  - JSONModel
  - MBProgressHUD
  - MJRefresh

SPEC CHECKSUMS:
  AFNetworking: 5e0e199f73d8626b11e79750991f5d173d1f8b67
  FMDB: 854a0341b4726e53276f2a8996f06f1b80f9259a
  IQKeyboardManager: be9695ffc5a52077deb4847608f338771022d6d1
  JSONModel: 12523685c4b623553ccf844bbbf7007624317b2c
  MBProgressHUD: 1569cf7ace17a8bac47aabfbb8580a49690386d1
  MJRefresh: 5c69f11e8bde0664e15326d2e61f61e103c6545f

COCOAPODS: 0.39.0
